
Microsoft Visual Studio Solution File, Format Version 12.00
# Visual Studio Version 16
VisualStudioVersion = 16.0.32002.261
MinimumVisualStudioVersion = 10.0.40219.1
Project("{FAE04EC0-301F-11D3-BF4B-00C04F79EFBC}") = "KentBeckTDDSampleCode", "KentBeckTDDSampleCode.csproj", "{E3FF94CA-5D34-4506-8D05-C37F4714607E}"
EndProject
Global
	GlobalSection(SolutionConfigurationPlatforms) = preSolution
		Debug|Any CPU = Debug|Any CPU
		Release|Any CPU = Release|Any CPU
	EndGlobalSection
	GlobalSection(ProjectConfigurationPlatforms) = postSolution
		{E3FF94CA-5D34-4506-8D05-C37F4714607E}.Debug|Any CPU.ActiveCfg = Debug|Any CPU
		{E3FF94CA-5D34-4506-8D05-C37F4714607E}.Debug|Any CPU.Build.0 = Debug|Any CPU
		{E3FF94CA-5D34-4506-8D05-C37F4714607E}.Release|Any CPU.ActiveCfg = Release|Any CPU
		{E3FF94CA-5D34-4506-8D05-C37F4714607E}.Release|Any CPU.Build.0 = Release|Any CPU
	EndGlobalSection
	GlobalSection(SolutionProperties) = preSolution
		HideSolutionNode = FALSE
	EndGlobalSection
	GlobalSection(ExtensibilityGlobals) = postSolution
		SolutionGuid = {6088662C-038A-4D64-B51E-82F6823B186E}
	EndGlobalSection
EndGlobal
